// !$*UTF8*$!
{
	archiveVersion = 1;
	classes = {
	};
	objectVersion = 77;
	objects = {

/* Begin PBXBuildFile section */
		10262836AC9927D0C070B39C /* ChairSnifferApp.swift in Sources */ = {isa = PBXBuildFile; fileRef = 0D2EA5B97B3CE131165EBF6D /* ChairSnifferApp.swift */; };
		5C886A969D1C11B126FEEF58 /* ChairBLEManager.swift in Sources */ = {isa = PBXBuildFile; fileRef = 5D72476289B16EB230ACA741 /* ChairBLEManager.swift */; };
		7938F2AF723F7E388EA614C4 /* ChairDecode.swift in Sources */ = {isa = PBXBuildFile; fileRef = 4271D1248C66E8B74CED510D /* ChairDecode.swift */; };
		E80F6D8B127D1F4A4626B8FD /* ContentView.swift in Sources */ = {isa = PBXBuildFile; fileRef = 29B1F66EBB3A48B3D1C1B9ED /* ContentView.swift */; };
/* End PBXBuildFile section */

/* Begin PBXFileReference section */
		0D2EA5B97B3CE131165EBF6D /* ChairSnifferApp.swift */ = {isa = PBXFileReference; lastKnownFileType = sourcecode.swift; path = ChairSnifferApp.swift; sourceTree = "<group>"; };
		29B1F66EBB3A48B3D1C1B9ED /* ContentView.swift */ = {isa = PBXFileReference; lastKnownFileType = sourcecode.swift; path = ContentView.swift; sourceTree = "<group>"; };
		4271D1248C66E8B74CED510D /* ChairDecode.swift */ = {isa = PBXFileReference; lastKnownFileType = sourcecode.swift; path = ChairDecode.swift; sourceTree = "<group>"; };
		5D72476289B16EB230ACA741 /* ChairBLEManager.swift */ = {isa = PBXFileReference; lastKnownFileType = sourcecode.swift; path = ChairBLEManager.swift; sourceTree = "<group>"; };
		A38804FAAC956A76B39DADCF /* ChairSniffer.app */ = {isa = PBXFileReference; includeInIndex = 0; lastKnownFileType = wrapper.application; path = ChairSniffer.app; sourceTree = BUILT_PRODUCTS_DIR; };
		CED4EBD8C059C7C8899B468F /* Info.plist */ = {isa = PBXFileReference; lastKnownFileType = text.plist; path = Info.plist; sourceTree = "<group>"; };
/* End PBXFileReference section */

/* Begin PBXGroup section */
		0B8370DF7DA18D9A60BAD56C /* Products */ = {
			isa = PBXGroup;
			children = (
				A38804FAAC956A76B39DADCF /* ChairSniffer.app */,
			);
			name = Products;
			sourceTree = "<group>";
		};
		86245968648A56A709C4CA48 = {
			isa = PBXGroup;
			children = (
				CE378053B76FAE0B38F5E53F /* ChairSniffer */,
				0B8370DF7DA18D9A60BAD56C /* Products */,
			);
			sourceTree = "<group>";
		};
		CE378053B76FAE0B38F5E53F /* ChairSniffer */ = {
			isa = PBXGroup;
			children = (
				5D72476289B16EB230ACA741 /* ChairBLEManager.swift */,
				4271D1248C66E8B74CED510D /* ChairDecode.swift */,
				0D2EA5B97B3CE131165EBF6D /* ChairSnifferApp.swift */,
				29B1F66EBB3A48B3D1C1B9ED /* ContentView.swift */,
				CED4EBD8C059C7C8899B468F /* Info.plist */,
			);
			path = ChairSniffer;
			sourceTree = "<group>";
		};
/* End PBXGroup section */

/* Begin PBXNativeTarget section */
		400C36D4567089E259A232A1 /* ChairSniffer */ = {
			isa = PBXNativeTarget;
			buildConfigurationList = 760B5AAE40A0D6EB9BCDB100 /* Build configuration list for PBXNativeTarget "ChairSniffer" */;
			buildPhases = (
				51594E8BB8FE32DCBBF00441 /* Sources */,
			);
			buildRules = (
			);
			dependencies = (
			);
			name = ChairSniffer;
			packageProductDependencies = (
			);
			productName = ChairSniffer;
			productReference = A38804FAAC956A76B39DADCF /* ChairSniffer.app */;
			productType = "com.apple.product-type.application";
		};
/* End PBXNativeTarget section */

/* Begin PBXProject section */
		759F8D49576EDC3C4F23A838 /* Project object */ = {
			isa = PBXProject;
			attributes = {
				BuildIndependentTargetsInParallel = YES;
				LastUpgradeCheck = 1430;
				TargetAttributes = {
					400C36D4567089E259A232A1 = {
						DevelopmentTeam = CYYK3A72BM;
						ProvisioningStyle = Automatic;
					};
				};
			};
			buildConfigurationList = C405DCD0D7B29D99F04ACD83 /* Build configuration list for PBXProject "ChairSniffer" */;
			developmentRegion = en;
			hasScannedForEncodings = 0;
			knownRegions = (
				Base,
				en,
			);
			mainGroup = 86245968648A56A709C4CA48;
			minimizedProjectReferenceProxies = 1;
			preferredProjectObjectVersion = 77;
			productRefGroup = 0B8370DF7DA18D9A60BAD56C /* Products */;
			projectDirPath = "";
			projectRoot = "";
			targets = (
				400C36D4567089E259A232A1 /* ChairSniffer */,
			);
		};
/* End PBXProject section */

/* Begin PBXSourcesBuildPhase section */
		51594E8BB8FE32DCBBF00441 /* Sources */ = {
			isa = PBXSourcesBuildPhase;
			buildActionMask = 2147483647;
			files = (
				5C886A969D1C11B126FEEF58 /* ChairBLEManager.swift in Sources */,
				7938F2AF723F7E388EA614C4 /* ChairDecode.swift in Sources */,
				10262836AC9927D0C070B39C /* ChairSnifferApp.swift in Sources */,
				E80F6D8B127D1F4A4626B8FD /* ContentView.swift in Sources */,
			);
			runOnlyForDeploymentPostprocessing = 0;
		};
/* End PBXSourcesBuildPhase section */

/* Begin XCBuildConfiguration section */
		22D66B16CA56A7B8D3424A72 /* Release */ = {
			isa = XCBuildConfiguration;
			buildSettings = {
				ASSETCATALOG_COMPILER_APPICON_NAME = AppIcon;
				CODE_SIGN_IDENTITY = "iPhone Developer";
				CODE_SIGN_STYLE = Automatic;
				DEVELOPMENT_TEAM = CYYK3A72BM;
				INFOPLIST_FILE = ChairSniffer/Info.plist;
				LD_RUNPATH_SEARCH_PATHS = (
					"$(inherited)",
					"@executable_path/Frameworks",
				);
				PRODUCT_BUNDLE_IDENTIFIER = com.siwonjeong.ChairSniffer;
				SDKROOT = iphoneos;
				SUPPORTS_MACCATALYST = YES;
				TARGETED_DEVICE_FAMILY = "1,2";
			};
			name = Release;
		};
		96C31D2E1C8FC25ABFC00031 /* Debug */ = {
			isa = XCBuildConfiguration;
			buildSettings = {
				ALWAYS_SEARCH_USER_PATHS = NO;
				CLANG_ANALYZER_NONNULL = YES;
				CLANG_ANALYZER_NUMBER_OBJECT_CONVERSION = YES_AGGRESSIVE;
				CLANG_CXX_LANGUAGE_STANDARD = "gnu++14";
				CLANG_CXX_LIBRARY = "libc++";
				CLANG_ENABLE_MODULES = YES;
				CLANG_ENABLE_OBJC_ARC = YES;
				CLANG_ENABLE_OBJC_WEAK = YES;
				CLANG_WARN_BLOCK_CAPTURE_AUTORELEASING = YES;
				CLANG_WARN_BOOL_CONVERSION = YES;
				CLANG_WARN_COMMA = YES;
				CLANG_WARN_CONSTANT_CONVERSION = YES;
				CLANG_WARN_DEPRECATED_OBJC_IMPLEMENTATIONS = YES;
				CLANG_WARN_DIRECT_OBJC_ISA_USAGE = YES_ERROR;
				CLANG_WARN_DOCUMENTATION_COMMENTS = YES;
				CLANG_WARN_EMPTY_BODY = YES;
				CLANG_WARN_ENUM_CONVERSION = YES;
				CLANG_WARN_INFINITE_RECURSION = YES;
				CLANG_WARN_INT_CONVERSION = YES;
				CLANG_WARN_NON_LITERAL_NULL_CONVERSION = YES;
				CLANG_WARN_OBJC_IMPLICIT_RETAIN_SELF = YES;
				CLANG_WARN_OBJC_LITERAL_CONVERSION = YES;
				CLANG_WARN_OBJC_ROOT_CLASS = YES_ERROR;
				CLANG_WARN_QUOTED_INCLUDE_IN_FRAMEWORK_HEADER = YES;
				CLANG_WARN_RANGE_LOOP_ANALYSIS = YES;
				CLANG_WARN_STRICT_PROTOTYPES = YES;
				CLANG_WARN_SUSPICIOUS_MOVE = YES;
				CLANG_WARN_UNGUARDED_AVAILABILITY = YES_AGGRESSIVE;
				CLANG_WARN_UNREACHABLE_CODE = YES;
				CLANG_WARN__DUPLICATE_METHOD_MATCH = YES;
				COPY_PHASE_STRIP = NO;
				CURRENT_PROJECT_VERSION = 1;
				DEBUG_INFORMATION_FORMAT = dwarf;
				ENABLE_STRICT_OBJC_MSGSEND = YES;
				ENABLE_TESTABILITY = YES;
				GCC_C_LANGUAGE_STANDARD = gnu11;
				GCC_DYNAMIC_NO_PIC = NO;
				GCC_NO_COMMON_BLOCKS = YES;
				GCC_OPTIMIZATION_LEVEL = 0;
				GCC_PREPROCESSOR_DEFINITIONS = (
					"$(inherited)",
					"DEBUG=1",
				);
				GCC_WARN_64_TO_32_BIT_CONVERSION = YES;
				GCC_WARN_ABOUT_RETURN_TYPE = YES_ERROR;
				GCC_WARN_UNDECLARED_SELECTOR = YES;
				GCC_WARN_UNINITIALIZED_AUTOS = YES_AGGRESSIVE;
				GCC_WARN_UNUSED_FUNCTION = YES;
				GCC_WARN_UNUSED_VARIABLE = YES;
				IPHONEOS_DEPLOYMENT_TARGET = 17.0;
				MARKETING_VERSION = 1.0;
				MTL_ENABLE_DEBUG_INFO = INCLUDE_SOURCE;
				MTL_FAST_MATH = YES;
				ONLY_ACTIVE_ARCH = YES;
				PRODUCT_NAME = "$(TARGET_NAME)";
				SDKROOT = iphoneos;
				SWIFT_ACTIVE_COMPILATION_CONDITIONS = DEBUG;
				SWIFT_OPTIMIZATION_LEVEL = "-Onone";
				SWIFT_VERSION = 5.0;
			};
			name = Debug;
		};
		9BA770F177E70E0B8BA5C76A /* Debug */ = {
			isa = XCBuildConfiguration;
			buildSettings = {
				ASSETCATALOG_COMPILER_APPICON_NAME = AppIcon;
				CODE_SIGN_IDENTITY = "iPhone Developer";
				CODE_SIGN_STYLE = Automatic;
				DEVELOPMENT_TEAM = CYYK3A72BM;
				INFOPLIST_FILE = ChairSniffer/Info.plist;
				LD_RUNPATH_SEARCH_PATHS = (
					"$(inherited)",
					"@executable_path/Frameworks",
				);
				PRODUCT_BUNDLE_IDENTIFIER = com.siwonjeong.ChairSniffer;
				SDKROOT = iphoneos;
				SUPPORTS_MACCATALYST = YES;
				TARGETED_DEVICE_FAMILY = "1,2";
			};
			name = Debug;
		};
		FACCD383EDE8CA9E6C315669 /* Release */ = {
			isa = XCBuildConfiguration;
			buildSettings = {
				ALWAYS_SEARCH_USER_PATHS = NO;
				CLANG_ANALYZER_NONNULL = YES;
				CLANG_ANALYZER_NUMBER_OBJECT_CONVERSION = YES_AGGRESSIVE;
				CLANG_CXX_LANGUAGE_STANDARD = "gnu++14";
				CLANG_CXX_LIBRARY = "libc++";
				CLANG_ENABLE_MODULES = YES;
				CLANG_ENABLE_OBJC_ARC = YES;
				CLANG_ENABLE_OBJC_WEAK = YES;
				CLANG_WARN_BLOCK_CAPTURE_AUTORELEASING = YES;
				CLANG_WARN_BOOL_CONVERSION = YES;
				CLANG_WARN_COMMA = YES;
				CLANG_WARN_CONSTANT_CONVERSION = YES;
				CLANG_WARN_DEPRECATED_OBJC_IMPLEMENTATIONS = YES;
				CLANG_WARN_DIRECT_OBJC_ISA_USAGE = YES_ERROR;
				CLANG_WARN_DOCUMENTATION_COMMENTS = YES;
				CLANG_WARN_EMPTY_BODY = YES;
				CLANG_WARN_ENUM_CONVERSION = YES;
				CLANG_WARN_INFINITE_RECURSION = YES;
				CLANG_WARN_INT_CONVERSION = YES;
				CLANG_WARN_NON_LITERAL_NULL_CONVERSION = YES;
				CLANG_WARN_OBJC_IMPLICIT_RETAIN_SELF = YES;
				CLANG_WARN_OBJC_LITERAL_CONVERSION = YES;
				CLANG_WARN_OBJC_ROOT_CLASS = YES_ERROR;
				CLANG_WARN_QUOTED_INCLUDE_IN_FRAMEWORK_HEADER = YES;
				CLANG_WARN_RANGE_LOOP_ANALYSIS = YES;
				CLANG_WARN_STRICT_PROTOTYPES = YES;
				CLANG_WARN_SUSPICIOUS_MOVE = YES;
				CLANG_WARN_UNGUARDED_AVAILABILITY = YES_AGGRESSIVE;
				CLANG_WARN_UNREACHABLE_CODE = YES;
				CLANG_WARN__DUPLICATE_METHOD_MATCH = YES;
				COPY_PHASE_STRIP = NO;
				CURRENT_PROJECT_VERSION = 1;
				DEBUG_INFORMATION_FORMAT = "dwarf-with-dsym";
				ENABLE_NS_ASSERTIONS = NO;
				ENABLE_STRICT_OBJC_MSGSEND = YES;
				GCC_C_LANGUAGE_STANDARD = gnu11;
				GCC_NO_COMMON_BLOCKS = YES;
				GCC_WARN_64_TO_32_BIT_CONVERSION = YES;
				GCC_WARN_ABOUT_RETURN_TYPE = YES_ERROR;
				GCC_WARN_UNDECLARED_SELECTOR = YES;
				GCC_WARN_UNINITIALIZED_AUTOS = YES_AGGRESSIVE;
				GCC_WARN_UNUSED_FUNCTION = YES;
				GCC_WARN_UNUSED_VARIABLE = YES;
				IPHONEOS_DEPLOYMENT_TARGET = 17.0;
				MARKETING_VERSION = 1.0;
				MTL_ENABLE_DEBUG_INFO = NO;
				MTL_FAST_MATH = YES;
				PRODUCT_NAME = "$(TARGET_NAME)";
				SDKROOT = iphoneos;
				SWIFT_COMPILATION_MODE = wholemodule;
				SWIFT_OPTIMIZATION_LEVEL = "-O";
				SWIFT_VERSION = 5.0;
			};
			name = Release;
		};
/* End XCBuildConfiguration section */

/* Begin XCConfigurationList section */
		760B5AAE40A0D6EB9BCDB100 /* Build configuration list for PBXNativeTarget "ChairSniffer" */ = {
			isa = XCConfigurationList;
			buildConfigurations = (
				9BA770F177E70E0B8BA5C76A /* Debug */,
				22D66B16CA56A7B8D3424A72 /* Release */,
			);
			defaultConfigurationIsVisible = 0;
			defaultConfigurationName = Debug;
		};
		C405DCD0D7B29D99F04ACD83 /* Build configuration list for PBXProject "ChairSniffer" */ = {
			isa = XCConfigurationList;
			buildConfigurations = (
				96C31D2E1C8FC25ABFC00031 /* Debug */,
				FACCD383EDE8CA9E6C315669 /* Release */,
			);
			defaultConfigurationIsVisible = 0;
			defaultConfigurationName = Debug;
		};
/* End XCConfigurationList section */
	};
	rootObject = 759F8D49576EDC3C4F23A838 /* Project object */;
}
