// !$*UTF8*$!
{
	archiveVersion = 1;
	classes = {
	};
	objectVersion = 77;
	objects = {

/* Begin PBXBuildFile section */
		10262836AC9927D0C070B39C /* ChairSnifferApp.swift in Sources */ = {isa = PBXBuildFile; fileRef = 0D2EA5B97B3CE131165EBF6D /* ChairSnifferApp.swift */; };
		17A263C34DA235956FE43729 /* SystemLogScreen.swift in Sources */ = {isa = PBXBuildFile; fileRef = 7AC13D873E01BB6861F86A4C /* SystemLogScreen.swift */; };
		1A749340C36288DADB7B47BE /* StatusMenuButton.swift in Sources */ = {isa = PBXBuildFile; fileRef = E06D254E8CFBF4CEDB1B50D9 /* StatusMenuButton.swift */; };
		2C31D721A48E4EEAE6E9F2EA /* CustomHexScreen.swift in Sources */ = {isa = PBXBuildFile; fileRef = 9B3D6992BCA340221544FDBE /* CustomHexScreen.swift */; };
		2D83FA21755FED36D64C5B65 /* ViewStyles.swift in Sources */ = {isa = PBXBuildFile; fileRef = CB2666168918D88AB8B959CD /* ViewStyles.swift */; };
		3902A3523494C9C3AACF5E31 /* PostureTab.swift in Sources */ = {isa = PBXBuildFile; fileRef = 38AB7249A001BAEB49C7DACB /* PostureTab.swift */; };
		3EA5FB5EEC56114C975B1EA6 /* CommandLogScreen.swift in Sources */ = {isa = PBXBuildFile; fileRef = F3CA71DAD33CA1D15DF627CE /* CommandLogScreen.swift */; };
		4101E11866E8050790FE462B /* DevicePickerSheet.swift in Sources */ = {isa = PBXBuildFile; fileRef = 4FC9649DEC8E0FFAA7FFA1CB /* DevicePickerSheet.swift */; };
		489A29EB8BE2CB784F5B206E /* ConnectionBanner.swift in Sources */ = {isa = PBXBuildFile; fileRef = 8FF4F4D9315570CC41356DCB /* ConnectionBanner.swift */; };
		537187D6D50E185FF00D3777 /* ChairBLEManager.swift in Sources */ = {isa = PBXBuildFile; fileRef = 4AA7F67546DAFFDFCE2819A5 /* ChairBLEManager.swift */; };
		658D697C311F290BC1DDD56C /* ControlButton.swift in Sources */ = {isa = PBXBuildFile; fileRef = 0D5194DF634718D593C29C90 /* ControlButton.swift */; };
		7BE69440439E56B5D9EDBD44 /* CommandCatalog.swift in Sources */ = {isa = PBXBuildFile; fileRef = 706AB9AEDAAF48E4569B10F9 /* CommandCatalog.swift */; };
		7BFF538990EBC8ACF32CE373 /* Assets.xcassets in Resources */ = {isa = PBXBuildFile; fileRef = 4A355DC1C61B7E9323E86928 /* Assets.xcassets */; };
		8223B20AAA2D78E2FCBD90DA /* ControlState.swift in Sources */ = {isa = PBXBuildFile; fileRef = C7EC367F4DB5F5084B9D7D66 /* ControlState.swift */; };
		96D830466686A32DA6577A69 /* DevToolsSheet.swift in Sources */ = {isa = PBXBuildFile; fileRef = 342B94D309B5226E34BDB84D /* DevToolsSheet.swift */; };
		A046A6720042C7C1FA95945F /* DecodedStatusScreen.swift in Sources */ = {isa = PBXBuildFile; fileRef = 30236C6CDB67563E78146000 /* DecodedStatusScreen.swift */; };
		A1CA7BF1E6ADB4E427357928 /* HomeTab.swift in Sources */ = {isa = PBXBuildFile; fileRef = D159F993AC7BC3B28B6B6CB2 /* HomeTab.swift */; };
		AB20F5FFE5CFFB82E0593FB5 /* RawFeedScreen.swift in Sources */ = {isa = PBXBuildFile; fileRef = 54BE87288976799BC075D04F /* RawFeedScreen.swift */; };
		B323994E82883F26E68580A3 /* ConnectionPanel.swift in Sources */ = {isa = PBXBuildFile; fileRef = B1E6EA5B3F5FA09DD4DCAF5C /* ConnectionPanel.swift */; };
		CC6045839D79337DA8E0D169 /* MassageTab.swift in Sources */ = {isa = PBXBuildFile; fileRef = 2BE7F8D17F2559AFAD347412 /* MassageTab.swift */; };
		E80F6D8B127D1F4A4626B8FD /* ContentView.swift in Sources */ = {isa = PBXBuildFile; fileRef = 29B1F66EBB3A48B3D1C1B9ED /* ContentView.swift */; };
		F58F7B3623944DF57CC44A3A /* Palette.swift in Sources */ = {isa = PBXBuildFile; fileRef = F9108EF561A92468415339BC /* Palette.swift */; };
		F6DD83E50EA8E5E2B99C8F63 /* ChairDecode.swift in Sources */ = {isa = PBXBuildFile; fileRef = CC904DEEDADDB16EDF688436 /* ChairDecode.swift */; };
/* End PBXBuildFile section */

/* Begin PBXFileReference section */
		0D2EA5B97B3CE131165EBF6D /* ChairSnifferApp.swift */ = {isa = PBXFileReference; lastKnownFileType = sourcecode.swift; path = ChairSnifferApp.swift; sourceTree = "<group>"; };
		0D5194DF634718D593C29C90 /* ControlButton.swift */ = {isa = PBXFileReference; lastKnownFileType = sourcecode.swift; path = ControlButton.swift; sourceTree = "<group>"; };
		29B1F66EBB3A48B3D1C1B9ED /* ContentView.swift */ = {isa = PBXFileReference; lastKnownFileType = sourcecode.swift; path = ContentView.swift; sourceTree = "<group>"; };
		2BE7F8D17F2559AFAD347412 /* MassageTab.swift */ = {isa = PBXFileReference; lastKnownFileType = sourcecode.swift; path = MassageTab.swift; sourceTree = "<group>"; };
		30236C6CDB67563E78146000 /* DecodedStatusScreen.swift */ = {isa = PBXFileReference; lastKnownFileType = sourcecode.swift; path = DecodedStatusScreen.swift; sourceTree = "<group>"; };
		342B94D309B5226E34BDB84D /* DevToolsSheet.swift */ = {isa = PBXFileReference; lastKnownFileType = sourcecode.swift; path = DevToolsSheet.swift; sourceTree = "<group>"; };
		38AB7249A001BAEB49C7DACB /* PostureTab.swift */ = {isa = PBXFileReference; lastKnownFileType = sourcecode.swift; path = PostureTab.swift; sourceTree = "<group>"; };
		4A355DC1C61B7E9323E86928 /* Assets.xcassets */ = {isa = PBXFileReference; lastKnownFileType = folder.assetcatalog; path = Assets.xcassets; sourceTree = "<group>"; };
		4AA7F67546DAFFDFCE2819A5 /* ChairBLEManager.swift */ = {isa = PBXFileReference; lastKnownFileType = sourcecode.swift; path = ChairBLEManager.swift; sourceTree = "<group>"; };
		4FC9649DEC8E0FFAA7FFA1CB /* DevicePickerSheet.swift */ = {isa = PBXFileReference; lastKnownFileType = sourcecode.swift; path = DevicePickerSheet.swift; sourceTree = "<group>"; };
		54BE87288976799BC075D04F /* RawFeedScreen.swift */ = {isa = PBXFileReference; lastKnownFileType = sourcecode.swift; path = RawFeedScreen.swift; sourceTree = "<group>"; };
		706AB9AEDAAF48E4569B10F9 /* CommandCatalog.swift */ = {isa = PBXFileReference; lastKnownFileType = sourcecode.swift; path = CommandCatalog.swift; sourceTree = "<group>"; };
		7AC13D873E01BB6861F86A4C /* SystemLogScreen.swift */ = {isa = PBXFileReference; lastKnownFileType = sourcecode.swift; path = SystemLogScreen.swift; sourceTree = "<group>"; };
		8FF4F4D9315570CC41356DCB /* ConnectionBanner.swift */ = {isa = PBXFileReference; lastKnownFileType = sourcecode.swift; path = ConnectionBanner.swift; sourceTree = "<group>"; };
		9B3D6992BCA340221544FDBE /* CustomHexScreen.swift */ = {isa = PBXFileReference; lastKnownFileType = sourcecode.swift; path = CustomHexScreen.swift; sourceTree = "<group>"; };
		A38804FAAC956A76B39DADCF /* ChairSniffer.app */ = {isa = PBXFileReference; includeInIndex = 0; lastKnownFileType = wrapper.application; path = ChairSniffer.app; sourceTree = BUILT_PRODUCTS_DIR; };
		B1E6EA5B3F5FA09DD4DCAF5C /* ConnectionPanel.swift */ = {isa = PBXFileReference; lastKnownFileType = sourcecode.swift; path = ConnectionPanel.swift; sourceTree = "<group>"; };
		C7EC367F4DB5F5084B9D7D66 /* ControlState.swift */ = {isa = PBXFileReference; lastKnownFileType = sourcecode.swift; path = ControlState.swift; sourceTree = "<group>"; };
		CB2666168918D88AB8B959CD /* ViewStyles.swift */ = {isa = PBXFileReference; lastKnownFileType = sourcecode.swift; path = ViewStyles.swift; sourceTree = "<group>"; };
		CC904DEEDADDB16EDF688436 /* ChairDecode.swift */ = {isa = PBXFileReference; lastKnownFileType = sourcecode.swift; path = ChairDecode.swift; sourceTree = "<group>"; };
		CED4EBD8C059C7C8899B468F /* Info.plist */ = {isa = PBXFileReference; lastKnownFileType = text.plist; path = Info.plist; sourceTree = "<group>"; };
		D159F993AC7BC3B28B6B6CB2 /* HomeTab.swift */ = {isa = PBXFileReference; lastKnownFileType = sourcecode.swift; path = HomeTab.swift; sourceTree = "<group>"; };
		E06D254E8CFBF4CEDB1B50D9 /* StatusMenuButton.swift */ = {isa = PBXFileReference; lastKnownFileType = sourcecode.swift; path = StatusMenuButton.swift; sourceTree = "<group>"; };
		F3CA71DAD33CA1D15DF627CE /* CommandLogScreen.swift */ = {isa = PBXFileReference; lastKnownFileType = sourcecode.swift; path = CommandLogScreen.swift; sourceTree = "<group>"; };
		F9108EF561A92468415339BC /* Palette.swift */ = {isa = PBXFileReference; lastKnownFileType = sourcecode.swift; path = Palette.swift; sourceTree = "<group>"; };
/* End PBXFileReference section */

/* Begin PBXGroup section */
		0B8370DF7DA18D9A60BAD56C /* Products */ = {
			isa = PBXGroup;
			children = (
				A38804FAAC956A76B39DADCF /* ChairSniffer.app */,
			);
			name = Products;
			sourceTree = "<group>";
		};
		0DA1E938FB74EA99BE3DB66D /* Components */ = {
			isa = PBXGroup;
			children = (
				0D5194DF634718D593C29C90 /* ControlButton.swift */,
			);
			path = Components;
			sourceTree = "<group>";
		};
		3308EB9219710ED781B2D50C /* Dev */ = {
			isa = PBXGroup;
			children = (
				F3CA71DAD33CA1D15DF627CE /* CommandLogScreen.swift */,
				B1E6EA5B3F5FA09DD4DCAF5C /* ConnectionPanel.swift */,
				9B3D6992BCA340221544FDBE /* CustomHexScreen.swift */,
				30236C6CDB67563E78146000 /* DecodedStatusScreen.swift */,
				342B94D309B5226E34BDB84D /* DevToolsSheet.swift */,
				54BE87288976799BC075D04F /* RawFeedScreen.swift */,
				7AC13D873E01BB6861F86A4C /* SystemLogScreen.swift */,
			);
			path = Dev;
			sourceTree = "<group>";
		};
		86245968648A56A709C4CA48 = {
			isa = PBXGroup;
			children = (
				CE378053B76FAE0B38F5E53F /* ChairSniffer */,
				0B8370DF7DA18D9A60BAD56C /* Products */,
			);
			sourceTree = "<group>";
		};
		A3294C4B8B7F8D1DD7FEE585 /* Shared */ = {
			isa = PBXGroup;
			children = (
				8FF4F4D9315570CC41356DCB /* ConnectionBanner.swift */,
				4FC9649DEC8E0FFAA7FFA1CB /* DevicePickerSheet.swift */,
				F9108EF561A92468415339BC /* Palette.swift */,
				E06D254E8CFBF4CEDB1B50D9 /* StatusMenuButton.swift */,
				CB2666168918D88AB8B959CD /* ViewStyles.swift */,
			);
			path = Shared;
			sourceTree = "<group>";
		};
		CE378053B76FAE0B38F5E53F /* ChairSniffer */ = {
			isa = PBXGroup;
			children = (
				4A355DC1C61B7E9323E86928 /* Assets.xcassets */,
				0D2EA5B97B3CE131165EBF6D /* ChairSnifferApp.swift */,
				29B1F66EBB3A48B3D1C1B9ED /* ContentView.swift */,
				CED4EBD8C059C7C8899B468F /* Info.plist */,
				3308EB9219710ED781B2D50C /* Dev */,
				E9B95F0FFE761C42DD349F5F /* Models */,
				E294ECBE04175A18AA4286C2 /* Remote */,
				A3294C4B8B7F8D1DD7FEE585 /* Shared */,
			);
			path = ChairSniffer;
			sourceTree = "<group>";
		};
		E294ECBE04175A18AA4286C2 /* Remote */ = {
			isa = PBXGroup;
			children = (
				C7EC367F4DB5F5084B9D7D66 /* ControlState.swift */,
				D159F993AC7BC3B28B6B6CB2 /* HomeTab.swift */,
				2BE7F8D17F2559AFAD347412 /* MassageTab.swift */,
				38AB7249A001BAEB49C7DACB /* PostureTab.swift */,
				0DA1E938FB74EA99BE3DB66D /* Components */,
			);
			path = Remote;
			sourceTree = "<group>";
		};
		E9B95F0FFE761C42DD349F5F /* Models */ = {
			isa = PBXGroup;
			children = (
				4AA7F67546DAFFDFCE2819A5 /* ChairBLEManager.swift */,
				CC904DEEDADDB16EDF688436 /* ChairDecode.swift */,
				706AB9AEDAAF48E4569B10F9 /* CommandCatalog.swift */,
			);
			path = Models;
			sourceTree = "<group>";
		};
/* End PBXGroup section */

/* Begin PBXNativeTarget section */
		400C36D4567089E259A232A1 /* ChairSniffer */ = {
			isa = PBXNativeTarget;
			buildConfigurationList = 760B5AAE40A0D6EB9BCDB100 /* Build configuration list for PBXNativeTarget "ChairSniffer" */;
			buildPhases = (
				51594E8BB8FE32DCBBF00441 /* Sources */,
				E302AB69241219D0D49A0302 /* Resources */,
			);
			buildRules = (
			);
			dependencies = (
			);
			name = ChairSniffer;
			packageProductDependencies = (
			);
			productName = ChairSniffer;
			productReference = A38804FAAC956A76B39DADCF /* ChairSniffer.app */;
			productType = "com.apple.product-type.application";
		};
/* End PBXNativeTarget section */

/* Begin PBXProject section */
		759F8D49576EDC3C4F23A838 /* Project object */ = {
			isa = PBXProject;
			attributes = {
				BuildIndependentTargetsInParallel = YES;
				LastUpgradeCheck = 1430;
				TargetAttributes = {
					400C36D4567089E259A232A1 = {
						DevelopmentTeam = CYYK3A72BM;
						ProvisioningStyle = Automatic;
					};
				};
			};
			buildConfigurationList = C405DCD0D7B29D99F04ACD83 /* Build configuration list for PBXProject "ChairSniffer" */;
			developmentRegion = en;
			hasScannedForEncodings = 0;
			knownRegions = (
				Base,
				en,
			);
			mainGroup = 86245968648A56A709C4CA48;
			minimizedProjectReferenceProxies = 1;
			preferredProjectObjectVersion = 77;
			productRefGroup = 0B8370DF7DA18D9A60BAD56C /* Products */;
			projectDirPath = "";
			projectRoot = "";
			targets = (
				400C36D4567089E259A232A1 /* ChairSniffer */,
			);
		};
/* End PBXProject section */

/* Begin PBXResourcesBuildPhase section */
		E302AB69241219D0D49A0302 /* Resources */ = {
			isa = PBXResourcesBuildPhase;
			buildActionMask = 2147483647;
			files = (
				7BFF538990EBC8ACF32CE373 /* Assets.xcassets in Resources */,
			);
			runOnlyForDeploymentPostprocessing = 0;
		};
/* End PBXResourcesBuildPhase section */

/* Begin PBXSourcesBuildPhase section */
		51594E8BB8FE32DCBBF00441 /* Sources */ = {
			isa = PBXSourcesBuildPhase;
			buildActionMask = 2147483647;
			files = (
				537187D6D50E185FF00D3777 /* ChairBLEManager.swift in Sources */,
				F6DD83E50EA8E5E2B99C8F63 /* ChairDecode.swift in Sources */,
				10262836AC9927D0C070B39C /* ChairSnifferApp.swift in Sources */,
				7BE69440439E56B5D9EDBD44 /* CommandCatalog.swift in Sources */,
				3EA5FB5EEC56114C975B1EA6 /* CommandLogScreen.swift in Sources */,
				489A29EB8BE2CB784F5B206E /* ConnectionBanner.swift in Sources */,
				B323994E82883F26E68580A3 /* ConnectionPanel.swift in Sources */,
				E80F6D8B127D1F4A4626B8FD /* ContentView.swift in Sources */,
				658D697C311F290BC1DDD56C /* ControlButton.swift in Sources */,
				8223B20AAA2D78E2FCBD90DA /* ControlState.swift in Sources */,
				2C31D721A48E4EEAE6E9F2EA /* CustomHexScreen.swift in Sources */,
				A046A6720042C7C1FA95945F /* DecodedStatusScreen.swift in Sources */,
				96D830466686A32DA6577A69 /* DevToolsSheet.swift in Sources */,
				4101E11866E8050790FE462B /* DevicePickerSheet.swift in Sources */,
				A1CA7BF1E6ADB4E427357928 /* HomeTab.swift in Sources */,
				CC6045839D79337DA8E0D169 /* MassageTab.swift in Sources */,
				F58F7B3623944DF57CC44A3A /* Palette.swift in Sources */,
				3902A3523494C9C3AACF5E31 /* PostureTab.swift in Sources */,
				AB20F5FFE5CFFB82E0593FB5 /* RawFeedScreen.swift in Sources */,
				1A749340C36288DADB7B47BE /* StatusMenuButton.swift in Sources */,
				17A263C34DA235956FE43729 /* SystemLogScreen.swift in Sources */,
				2D83FA21755FED36D64C5B65 /* ViewStyles.swift in Sources */,
			);
			runOnlyForDeploymentPostprocessing = 0;
		};
/* End PBXSourcesBuildPhase section */

/* Begin XCBuildConfiguration section */
		22D66B16CA56A7B8D3424A72 /* Release */ = {
			isa = XCBuildConfiguration;
			buildSettings = {
				ASSETCATALOG_COMPILER_APPICON_NAME = AppIcon;
				CODE_SIGN_IDENTITY = "iPhone Developer";
				CODE_SIGN_STYLE = Automatic;
				DEVELOPMENT_TEAM = CYYK3A72BM;
				INFOPLIST_FILE = ChairSniffer/Info.plist;
				LD_RUNPATH_SEARCH_PATHS = (
					"$(inherited)",
					"@executable_path/Frameworks",
				);
				PRODUCT_BUNDLE_IDENTIFIER = com.siwonjeong.ChairSniffer;
				SDKROOT = iphoneos;
				SUPPORTS_MACCATALYST = YES;
				TARGETED_DEVICE_FAMILY = "1,2";
			};
			name = Release;
		};
		96C31D2E1C8FC25ABFC00031 /* Debug */ = {
			isa = XCBuildConfiguration;
			buildSettings = {
				ALWAYS_SEARCH_USER_PATHS = NO;
				CLANG_ANALYZER_NONNULL = YES;
				CLANG_ANALYZER_NUMBER_OBJECT_CONVERSION = YES_AGGRESSIVE;
				CLANG_CXX_LANGUAGE_STANDARD = "gnu++14";
				CLANG_CXX_LIBRARY = "libc++";
				CLANG_ENABLE_MODULES = YES;
				CLANG_ENABLE_OBJC_ARC = YES;
				CLANG_ENABLE_OBJC_WEAK = YES;
				CLANG_WARN_BLOCK_CAPTURE_AUTORELEASING = YES;
				CLANG_WARN_BOOL_CONVERSION = YES;
				CLANG_WARN_COMMA = YES;
				CLANG_WARN_CONSTANT_CONVERSION = YES;
				CLANG_WARN_DEPRECATED_OBJC_IMPLEMENTATIONS = YES;
				CLANG_WARN_DIRECT_OBJC_ISA_USAGE = YES_ERROR;
				CLANG_WARN_DOCUMENTATION_COMMENTS = YES;
				CLANG_WARN_EMPTY_BODY = YES;
				CLANG_WARN_ENUM_CONVERSION = YES;
				CLANG_WARN_INFINITE_RECURSION = YES;
				CLANG_WARN_INT_CONVERSION = YES;
				CLANG_WARN_NON_LITERAL_NULL_CONVERSION = YES;
				CLANG_WARN_OBJC_IMPLICIT_RETAIN_SELF = YES;
				CLANG_WARN_OBJC_LITERAL_CONVERSION = YES;
				CLANG_WARN_OBJC_ROOT_CLASS = YES_ERROR;
				CLANG_WARN_QUOTED_INCLUDE_IN_FRAMEWORK_HEADER = YES;
				CLANG_WARN_RANGE_LOOP_ANALYSIS = YES;
				CLANG_WARN_STRICT_PROTOTYPES = YES;
				CLANG_WARN_SUSPICIOUS_MOVE = YES;
				CLANG_WARN_UNGUARDED_AVAILABILITY = YES_AGGRESSIVE;
				CLANG_WARN_UNREACHABLE_CODE = YES;
				CLANG_WARN__DUPLICATE_METHOD_MATCH = YES;
				COPY_PHASE_STRIP = NO;
				CURRENT_PROJECT_VERSION = 1;
				DEBUG_INFORMATION_FORMAT = dwarf;
				ENABLE_STRICT_OBJC_MSGSEND = YES;
				ENABLE_TESTABILITY = YES;
				GCC_C_LANGUAGE_STANDARD = gnu11;
				GCC_DYNAMIC_NO_PIC = NO;
				GCC_NO_COMMON_BLOCKS = YES;
				GCC_OPTIMIZATION_LEVEL = 0;
				GCC_PREPROCESSOR_DEFINITIONS = (
					"$(inherited)",
					"DEBUG=1",
				);
				GCC_WARN_64_TO_32_BIT_CONVERSION = YES;
				GCC_WARN_ABOUT_RETURN_TYPE = YES_ERROR;
				GCC_WARN_UNDECLARED_SELECTOR = YES;
				GCC_WARN_UNINITIALIZED_AUTOS = YES_AGGRESSIVE;
				GCC_WARN_UNUSED_FUNCTION = YES;
				GCC_WARN_UNUSED_VARIABLE = YES;
				IPHONEOS_DEPLOYMENT_TARGET = 26.0;
				MARKETING_VERSION = 1.0;
				MTL_ENABLE_DEBUG_INFO = INCLUDE_SOURCE;
				MTL_FAST_MATH = YES;
				ONLY_ACTIVE_ARCH = YES;
				PRODUCT_NAME = "$(TARGET_NAME)";
				SDKROOT = iphoneos;
				SWIFT_ACTIVE_COMPILATION_CONDITIONS = DEBUG;
				SWIFT_OPTIMIZATION_LEVEL = "-Onone";
				SWIFT_VERSION = 5.0;
			};
			name = Debug;
		};
		9BA770F177E70E0B8BA5C76A /* Debug */ = {
			isa = XCBuildConfiguration;
			buildSettings = {
				ASSETCATALOG_COMPILER_APPICON_NAME = AppIcon;
				CODE_SIGN_IDENTITY = "iPhone Developer";
				CODE_SIGN_STYLE = Automatic;
				DEVELOPMENT_TEAM = CYYK3A72BM;
				INFOPLIST_FILE = ChairSniffer/Info.plist;
				LD_RUNPATH_SEARCH_PATHS = (
					"$(inherited)",
					"@executable_path/Frameworks",
				);
				PRODUCT_BUNDLE_IDENTIFIER = com.siwonjeong.ChairSniffer;
				SDKROOT = iphoneos;
				SUPPORTS_MACCATALYST = YES;
				TARGETED_DEVICE_FAMILY = "1,2";
			};
			name = Debug;
		};
		FACCD383EDE8CA9E6C315669 /* Release */ = {
			isa = XCBuildConfiguration;
			buildSettings = {
				ALWAYS_SEARCH_USER_PATHS = NO;
				CLANG_ANALYZER_NONNULL = YES;
				CLANG_ANALYZER_NUMBER_OBJECT_CONVERSION = YES_AGGRESSIVE;
				CLANG_CXX_LANGUAGE_STANDARD = "gnu++14";
				CLANG_CXX_LIBRARY = "libc++";
				CLANG_ENABLE_MODULES = YES;
				CLANG_ENABLE_OBJC_ARC = YES;
				CLANG_ENABLE_OBJC_WEAK = YES;
				CLANG_WARN_BLOCK_CAPTURE_AUTORELEASING = YES;
				CLANG_WARN_BOOL_CONVERSION = YES;
				CLANG_WARN_COMMA = YES;
				CLANG_WARN_CONSTANT_CONVERSION = YES;
				CLANG_WARN_DEPRECATED_OBJC_IMPLEMENTATIONS = YES;
				CLANG_WARN_DIRECT_OBJC_ISA_USAGE = YES_ERROR;
				CLANG_WARN_DOCUMENTATION_COMMENTS = YES;
				CLANG_WARN_EMPTY_BODY = YES;
				CLANG_WARN_ENUM_CONVERSION = YES;
				CLANG_WARN_INFINITE_RECURSION = YES;
				CLANG_WARN_INT_CONVERSION = YES;
				CLANG_WARN_NON_LITERAL_NULL_CONVERSION = YES;
				CLANG_WARN_OBJC_IMPLICIT_RETAIN_SELF = YES;
				CLANG_WARN_OBJC_LITERAL_CONVERSION = YES;
				CLANG_WARN_OBJC_ROOT_CLASS = YES_ERROR;
				CLANG_WARN_QUOTED_INCLUDE_IN_FRAMEWORK_HEADER = YES;
				CLANG_WARN_RANGE_LOOP_ANALYSIS = YES;
				CLANG_WARN_STRICT_PROTOTYPES = YES;
				CLANG_WARN_SUSPICIOUS_MOVE = YES;
				CLANG_WARN_UNGUARDED_AVAILABILITY = YES_AGGRESSIVE;
				CLANG_WARN_UNREACHABLE_CODE = YES;
				CLANG_WARN__DUPLICATE_METHOD_MATCH = YES;
				COPY_PHASE_STRIP = NO;
				CURRENT_PROJECT_VERSION = 1;
				DEBUG_INFORMATION_FORMAT = "dwarf-with-dsym";
				ENABLE_NS_ASSERTIONS = NO;
				ENABLE_STRICT_OBJC_MSGSEND = YES;
				GCC_C_LANGUAGE_STANDARD = gnu11;
				GCC_NO_COMMON_BLOCKS = YES;
				GCC_WARN_64_TO_32_BIT_CONVERSION = YES;
				GCC_WARN_ABOUT_RETURN_TYPE = YES_ERROR;
				GCC_WARN_UNDECLARED_SELECTOR = YES;
				GCC_WARN_UNINITIALIZED_AUTOS = YES_AGGRESSIVE;
				GCC_WARN_UNUSED_FUNCTION = YES;
				GCC_WARN_UNUSED_VARIABLE = YES;
				IPHONEOS_DEPLOYMENT_TARGET = 26.0;
				MARKETING_VERSION = 1.0;
				MTL_ENABLE_DEBUG_INFO = NO;
				MTL_FAST_MATH = YES;
				PRODUCT_NAME = "$(TARGET_NAME)";
				SDKROOT = iphoneos;
				SWIFT_COMPILATION_MODE = wholemodule;
				SWIFT_OPTIMIZATION_LEVEL = "-O";
				SWIFT_VERSION = 5.0;
			};
			name = Release;
		};
/* End XCBuildConfiguration section */

/* Begin XCConfigurationList section */
		760B5AAE40A0D6EB9BCDB100 /* Build configuration list for PBXNativeTarget "ChairSniffer" */ = {
			isa = XCConfigurationList;
			buildConfigurations = (
				9BA770F177E70E0B8BA5C76A /* Debug */,
				22D66B16CA56A7B8D3424A72 /* Release */,
			);
			defaultConfigurationIsVisible = 0;
			defaultConfigurationName = Debug;
		};
		C405DCD0D7B29D99F04ACD83 /* Build configuration list for PBXProject "ChairSniffer" */ = {
			isa = XCConfigurationList;
			buildConfigurations = (
				96C31D2E1C8FC25ABFC00031 /* Debug */,
				FACCD383EDE8CA9E6C315669 /* Release */,
			);
			defaultConfigurationIsVisible = 0;
			defaultConfigurationName = Debug;
		};
/* End XCConfigurationList section */
	};
	rootObject = 759F8D49576EDC3C4F23A838 /* Project object */;
}
